
Microsoft Visual Studio Solution File, Format Version 12.00
# Visual Studio Version 17
VisualStudioVersion = 17.9.34616.47
MinimumVisualStudioVersion = 10.0.40219.1
Project("{9A19103F-16F7-4668-BE54-9A1E7A4F7556}") = "HolaHealth.Suite.AdministrationService.HttpApi", "src\HolaHealth.Suite.AdministrationService.HttpApi\HolaHealth.Suite.AdministrationService.HttpApi.csproj", "{478CC87D-7489-4B1F-A8D5-BDB372CE5BBA}"
EndProject
Project("{2150E333-8FDC-42A3-9474-1A3956D46DE8}") = "src", "src", "{ED380D58-ABAE-4F1B-BEA1-7869CCC424F9}"
EndProject
Project("{9A19103F-16F7-4668-BE54-9A1E7A4F7556}") = "HolaHealth.Suite.AdministrationService.Application.Contracts", "src\HolaHealth.Suite.AdministrationService.Application.Contracts\HolaHealth.Suite.AdministrationService.Application.Contracts.csproj", "{A65BB77B-ACFA-40F9-8D4C-98BD70C6ADFC}"
EndProject
Project("{9A19103F-16F7-4668-BE54-9A1E7A4F7556}") = "HolaHealth.Suite.AdministrationService.Application", "src\HolaHealth.Suite.AdministrationService.Application\HolaHealth.Suite.AdministrationService.Application.csproj", "{58924D09-3ACA-4883-BB95-262826115F9A}"
EndProject
Project("{9A19103F-16F7-4668-BE54-9A1E7A4F7556}") = "HolaHealth.Suite.AdministrationService.Domain.Shared", "src\HolaHealth.Suite.AdministrationService.Domain.Shared\HolaHealth.Suite.AdministrationService.Domain.Shared.csproj", "{72F62393-E454-4848-8E9E-61AF408FBB6A}"
EndProject
Project("{9A19103F-16F7-4668-BE54-9A1E7A4F7556}") = "HolaHealth.Suite.AdministrationService.Domain", "src\HolaHealth.Suite.AdministrationService.Domain\HolaHealth.Suite.AdministrationService.Domain.csproj", "{7A801E27-D1FB-4578-82CF-89580D1A7DF5}"
EndProject
Project("{9A19103F-16F7-4668-BE54-9A1E7A4F7556}") = "HolaHealth.Suite.AdministrationService.EntityFrameworkCore", "src\HolaHealth.Suite.AdministrationService.EntityFrameworkCore\HolaHealth.Suite.AdministrationService.EntityFrameworkCore.csproj", "{9162A507-DB42-424D-8665-E89A28C80CFF}"
EndProject
Project("{9A19103F-16F7-4668-BE54-9A1E7A4F7556}") = "HolaHealth.Suite.AdministrationService.HttpApi.Client", "src\HolaHealth.Suite.AdministrationService.HttpApi.Client\HolaHealth.Suite.AdministrationService.HttpApi.Client.csproj", "{653F368C-8493-441E-9E16-DA159D21319A}"
EndProject
Project("{9A19103F-16F7-4668-BE54-9A1E7A4F7556}") = "HolaHealth.Suite.AdministrationService.HttpApi.Host", "src\HolaHealth.Suite.AdministrationService.HttpApi.Host\HolaHealth.Suite.AdministrationService.HttpApi.Host.csproj", "{88265D4B-7E55-430E-BBA0-C9B307422B41}"
EndProject
Project("{2150E333-8FDC-42A3-9474-1A3956D46DE8}") = "test", "test", "{B9D74482-F05D-4D3A-94E0-A857625C2243}"
EndProject
Project("{9A19103F-16F7-4668-BE54-9A1E7A4F7556}") = "HolaHealth.Suite.AdministrationService.TestBase", "test\HolaHealth.Suite.AdministrationService.TestBase\HolaHealth.Suite.AdministrationService.TestBase.csproj", "{C42A7A01-A9CE-478F-8F93-6DD31C12A031}"
EndProject
Project("{9A19103F-16F7-4668-BE54-9A1E7A4F7556}") = "HolaHealth.Suite.AdministrationService.Domain.Tests", "test\HolaHealth.Suite.AdministrationService.Domain.Tests\HolaHealth.Suite.AdministrationService.Domain.Tests.csproj", "{C09F38D0-6EFF-4B22-B3BA-2AED50132F09}"
EndProject
Project("{9A19103F-16F7-4668-BE54-9A1E7A4F7556}") = "HolaHealth.Suite.AdministrationService.EntityFrameworkCore.Tests", "test\HolaHealth.Suite.AdministrationService.EntityFrameworkCore.Tests\HolaHealth.Suite.AdministrationService.EntityFrameworkCore.Tests.csproj", "{71C3C478-8DCE-4916-B944-54F36B8DD692}"
EndProject
Project("{9A19103F-16F7-4668-BE54-9A1E7A4F7556}") = "HolaHealth.Suite.AdministrationService.Application.Tests", "test\HolaHealth.Suite.AdministrationService.Application.Tests\HolaHealth.Suite.AdministrationService.Application.Tests.csproj", "{CF089201-973C-4936-A240-9ACD2685E1FE}"
EndProject
Project("{9A19103F-16F7-4668-BE54-9A1E7A4F7556}") = "HolaHealth.Suite.AdministrationService.Web", "src\HolaHealth.Suite.AdministrationService.Web\HolaHealth.Suite.AdministrationService.Web.csproj", "{01EC102F-F9D6-4485-A7E5-3C966FCC2567}"
EndProject
Project("{9A19103F-16F7-4668-BE54-9A1E7A4F7556}") = "HolaHealth.Suite.Shared.Localization", "shared\HolaHealth.Suite.Shared.Localization\HolaHealth.Suite.Shared.Localization.csproj", "{3BC096C7-A6CC-4324-9359-B87B1EF16AC9}"
EndProject
Project("{9A19103F-16F7-4668-BE54-9A1E7A4F7556}") = "HolaHealth.Suite.Shared.Hosting", "shared\HolaHealth.Suite.Shared.Hosting\HolaHealth.Suite.Shared.Hosting.csproj", "{428072F2-57A6-4AE7-827A-C6B7A78A7E51}"
EndProject
Project("{9A19103F-16F7-4668-BE54-9A1E7A4F7556}") = "HolaHealth.Suite.Shared.Hosting.Microservices", "shared\HolaHealth.Suite.Shared.Hosting.Microservices\HolaHealth.Suite.Shared.Hosting.Microservices.csproj", "{9497DA25-300E-417A-8958-C230E024C0B1}"
EndProject
Project("{9A19103F-16F7-4668-BE54-9A1E7A4F7556}") = "HolaHealth.Suite.SaasService.EntityFrameworkCore", "saas\services\saas\src\HolaHealth.Suite.SaasService.EntityFrameworkCore\HolaHealth.Suite.SaasService.EntityFrameworkCore.csproj", "{5FA95A7F-A5FC-4509-975E-B7EC6B1399D6}"
EndProject
Global
	GlobalSection(SolutionConfigurationPlatforms) = preSolution
		Debug|Any CPU = Debug|Any CPU
		Release|Any CPU = Release|Any CPU
	EndGlobalSection
	GlobalSection(ProjectConfigurationPlatforms) = postSolution
		{478CC87D-7489-4B1F-A8D5-BDB372CE5BBA}.Debug|Any CPU.ActiveCfg = Debug|Any CPU
		{478CC87D-7489-4B1F-A8D5-BDB372CE5BBA}.Debug|Any CPU.Build.0 = Debug|Any CPU
		{478CC87D-7489-4B1F-A8D5-BDB372CE5BBA}.Release|Any CPU.ActiveCfg = Release|Any CPU
		{478CC87D-7489-4B1F-A8D5-BDB372CE5BBA}.Release|Any CPU.Build.0 = Release|Any CPU
		{A65BB77B-ACFA-40F9-8D4C-98BD70C6ADFC}.Debug|Any CPU.ActiveCfg = Debug|Any CPU
		{A65BB77B-ACFA-40F9-8D4C-98BD70C6ADFC}.Debug|Any CPU.Build.0 = Debug|Any CPU
		{A65BB77B-ACFA-40F9-8D4C-98BD70C6ADFC}.Release|Any CPU.ActiveCfg = Release|Any CPU
		{A65BB77B-ACFA-40F9-8D4C-98BD70C6ADFC}.Release|Any CPU.Build.0 = Release|Any CPU
		{58924D09-3ACA-4883-BB95-262826115F9A}.Debug|Any CPU.ActiveCfg = Debug|Any CPU
		{58924D09-3ACA-4883-BB95-262826115F9A}.Debug|Any CPU.Build.0 = Debug|Any CPU
		{58924D09-3ACA-4883-BB95-262826115F9A}.Release|Any CPU.ActiveCfg = Release|Any CPU
		{58924D09-3ACA-4883-BB95-262826115F9A}.Release|Any CPU.Build.0 = Release|Any CPU
		{72F62393-E454-4848-8E9E-61AF408FBB6A}.Debug|Any CPU.ActiveCfg = Debug|Any CPU
		{72F62393-E454-4848-8E9E-61AF408FBB6A}.Debug|Any CPU.Build.0 = Debug|Any CPU
		{72F62393-E454-4848-8E9E-61AF408FBB6A}.Release|Any CPU.ActiveCfg = Release|Any CPU
		{72F62393-E454-4848-8E9E-61AF408FBB6A}.Release|Any CPU.Build.0 = Release|Any CPU
		{7A801E27-D1FB-4578-82CF-89580D1A7DF5}.Debug|Any CPU.ActiveCfg = Debug|Any CPU
		{7A801E27-D1FB-4578-82CF-89580D1A7DF5}.Debug|Any CPU.Build.0 = Debug|Any CPU
		{7A801E27-D1FB-4578-82CF-89580D1A7DF5}.Release|Any CPU.ActiveCfg = Release|Any CPU
		{7A801E27-D1FB-4578-82CF-89580D1A7DF5}.Release|Any CPU.Build.0 = Release|Any CPU
		{9162A507-DB42-424D-8665-E89A28C80CFF}.Debug|Any CPU.ActiveCfg = Debug|Any CPU
		{9162A507-DB42-424D-8665-E89A28C80CFF}.Debug|Any CPU.Build.0 = Debug|Any CPU
		{9162A507-DB42-424D-8665-E89A28C80CFF}.Release|Any CPU.ActiveCfg = Release|Any CPU
		{9162A507-DB42-424D-8665-E89A28C80CFF}.Release|Any CPU.Build.0 = Release|Any CPU
		{653F368C-8493-441E-9E16-DA159D21319A}.Debug|Any CPU.ActiveCfg = Debug|Any CPU
		{653F368C-8493-441E-9E16-DA159D21319A}.Debug|Any CPU.Build.0 = Debug|Any CPU
		{653F368C-8493-441E-9E16-DA159D21319A}.Release|Any CPU.ActiveCfg = Release|Any CPU
		{653F368C-8493-441E-9E16-DA159D21319A}.Release|Any CPU.Build.0 = Release|Any CPU
		{88265D4B-7E55-430E-BBA0-C9B307422B41}.Debug|Any CPU.ActiveCfg = Debug|Any CPU
		{88265D4B-7E55-430E-BBA0-C9B307422B41}.Debug|Any CPU.Build.0 = Debug|Any CPU
		{88265D4B-7E55-430E-BBA0-C9B307422B41}.Release|Any CPU.ActiveCfg = Release|Any CPU
		{88265D4B-7E55-430E-BBA0-C9B307422B41}.Release|Any CPU.Build.0 = Release|Any CPU
		{C42A7A01-A9CE-478F-8F93-6DD31C12A031}.Debug|Any CPU.ActiveCfg = Debug|Any CPU
		{C42A7A01-A9CE-478F-8F93-6DD31C12A031}.Debug|Any CPU.Build.0 = Debug|Any CPU
		{C42A7A01-A9CE-478F-8F93-6DD31C12A031}.Release|Any CPU.ActiveCfg = Release|Any CPU
		{C42A7A01-A9CE-478F-8F93-6DD31C12A031}.Release|Any CPU.Build.0 = Release|Any CPU
		{C09F38D0-6EFF-4B22-B3BA-2AED50132F09}.Debug|Any CPU.ActiveCfg = Debug|Any CPU
		{C09F38D0-6EFF-4B22-B3BA-2AED50132F09}.Debug|Any CPU.Build.0 = Debug|Any CPU
		{C09F38D0-6EFF-4B22-B3BA-2AED50132F09}.Release|Any CPU.ActiveCfg = Release|Any CPU
		{C09F38D0-6EFF-4B22-B3BA-2AED50132F09}.Release|Any CPU.Build.0 = Release|Any CPU
		{71C3C478-8DCE-4916-B944-54F36B8DD692}.Debug|Any CPU.ActiveCfg = Debug|Any CPU
		{71C3C478-8DCE-4916-B944-54F36B8DD692}.Debug|Any CPU.Build.0 = Debug|Any CPU
		{71C3C478-8DCE-4916-B944-54F36B8DD692}.Release|Any CPU.ActiveCfg = Release|Any CPU
		{71C3C478-8DCE-4916-B944-54F36B8DD692}.Release|Any CPU.Build.0 = Release|Any CPU
		{CF089201-973C-4936-A240-9ACD2685E1FE}.Debug|Any CPU.ActiveCfg = Debug|Any CPU
		{CF089201-973C-4936-A240-9ACD2685E1FE}.Debug|Any CPU.Build.0 = Debug|Any CPU
		{CF089201-973C-4936-A240-9ACD2685E1FE}.Release|Any CPU.ActiveCfg = Release|Any CPU
		{CF089201-973C-4936-A240-9ACD2685E1FE}.Release|Any CPU.Build.0 = Release|Any CPU
		{01EC102F-F9D6-4485-A7E5-3C966FCC2567}.Debug|Any CPU.ActiveCfg = Debug|Any CPU
		{01EC102F-F9D6-4485-A7E5-3C966FCC2567}.Debug|Any CPU.Build.0 = Debug|Any CPU
		{01EC102F-F9D6-4485-A7E5-3C966FCC2567}.Release|Any CPU.ActiveCfg = Release|Any CPU
		{01EC102F-F9D6-4485-A7E5-3C966FCC2567}.Release|Any CPU.Build.0 = Release|Any CPU
		{3BC096C7-A6CC-4324-9359-B87B1EF16AC9}.Debug|Any CPU.ActiveCfg = Debug|Any CPU
		{3BC096C7-A6CC-4324-9359-B87B1EF16AC9}.Debug|Any CPU.Build.0 = Debug|Any CPU
		{3BC096C7-A6CC-4324-9359-B87B1EF16AC9}.Release|Any CPU.ActiveCfg = Release|Any CPU
		{3BC096C7-A6CC-4324-9359-B87B1EF16AC9}.Release|Any CPU.Build.0 = Release|Any CPU
		{428072F2-57A6-4AE7-827A-C6B7A78A7E51}.Debug|Any CPU.ActiveCfg = Debug|Any CPU
		{428072F2-57A6-4AE7-827A-C6B7A78A7E51}.Debug|Any CPU.Build.0 = Debug|Any CPU
		{428072F2-57A6-4AE7-827A-C6B7A78A7E51}.Release|Any CPU.ActiveCfg = Release|Any CPU
		{428072F2-57A6-4AE7-827A-C6B7A78A7E51}.Release|Any CPU.Build.0 = Release|Any CPU
		{9497DA25-300E-417A-8958-C230E024C0B1}.Debug|Any CPU.ActiveCfg = Debug|Any CPU
		{9497DA25-300E-417A-8958-C230E024C0B1}.Debug|Any CPU.Build.0 = Debug|Any CPU
		{9497DA25-300E-417A-8958-C230E024C0B1}.Release|Any CPU.ActiveCfg = Release|Any CPU
		{9497DA25-300E-417A-8958-C230E024C0B1}.Release|Any CPU.Build.0 = Release|Any CPU
		{5FA95A7F-A5FC-4509-975E-B7EC6B1399D6}.Debug|Any CPU.ActiveCfg = Debug|Any CPU
		{5FA95A7F-A5FC-4509-975E-B7EC6B1399D6}.Debug|Any CPU.Build.0 = Debug|Any CPU
		{5FA95A7F-A5FC-4509-975E-B7EC6B1399D6}.Release|Any CPU.ActiveCfg = Release|Any CPU
		{5FA95A7F-A5FC-4509-975E-B7EC6B1399D6}.Release|Any CPU.Build.0 = Release|Any CPU
	EndGlobalSection
	GlobalSection(SolutionProperties) = preSolution
		HideSolutionNode = FALSE
	EndGlobalSection
	GlobalSection(NestedProjects) = preSolution
		{478CC87D-7489-4B1F-A8D5-BDB372CE5BBA} = {ED380D58-ABAE-4F1B-BEA1-7869CCC424F9}
		{A65BB77B-ACFA-40F9-8D4C-98BD70C6ADFC} = {ED380D58-ABAE-4F1B-BEA1-7869CCC424F9}
		{58924D09-3ACA-4883-BB95-262826115F9A} = {ED380D58-ABAE-4F1B-BEA1-7869CCC424F9}
		{72F62393-E454-4848-8E9E-61AF408FBB6A} = {ED380D58-ABAE-4F1B-BEA1-7869CCC424F9}
		{7A801E27-D1FB-4578-82CF-89580D1A7DF5} = {ED380D58-ABAE-4F1B-BEA1-7869CCC424F9}
		{9162A507-DB42-424D-8665-E89A28C80CFF} = {ED380D58-ABAE-4F1B-BEA1-7869CCC424F9}
		{653F368C-8493-441E-9E16-DA159D21319A} = {ED380D58-ABAE-4F1B-BEA1-7869CCC424F9}
		{88265D4B-7E55-430E-BBA0-C9B307422B41} = {ED380D58-ABAE-4F1B-BEA1-7869CCC424F9}
		{C42A7A01-A9CE-478F-8F93-6DD31C12A031} = {B9D74482-F05D-4D3A-94E0-A857625C2243}
		{C09F38D0-6EFF-4B22-B3BA-2AED50132F09} = {B9D74482-F05D-4D3A-94E0-A857625C2243}
		{71C3C478-8DCE-4916-B944-54F36B8DD692} = {B9D74482-F05D-4D3A-94E0-A857625C2243}
		{CF089201-973C-4936-A240-9ACD2685E1FE} = {B9D74482-F05D-4D3A-94E0-A857625C2243}
		{01EC102F-F9D6-4485-A7E5-3C966FCC2567} = {ED380D58-ABAE-4F1B-BEA1-7869CCC424F9}
		{3BC096C7-A6CC-4324-9359-B87B1EF16AC9} = {ED380D58-ABAE-4F1B-BEA1-7869CCC424F9}
		{428072F2-57A6-4AE7-827A-C6B7A78A7E51} = {ED380D58-ABAE-4F1B-BEA1-7869CCC424F9}
		{9497DA25-300E-417A-8958-C230E024C0B1} = {ED380D58-ABAE-4F1B-BEA1-7869CCC424F9}
		{5FA95A7F-A5FC-4509-975E-B7EC6B1399D6} = {ED380D58-ABAE-4F1B-BEA1-7869CCC424F9}
	EndGlobalSection
	GlobalSection(ExtensibilityGlobals) = postSolution
		SolutionGuid = {5A69F91B-13DB-4CEE-908B-868EB451C2AB}
	EndGlobalSection
EndGlobal
